
Microsoft Visual Studio Solution File, Format Version 12.00
# Visual Studio Version 17
VisualStudioVersion = 17.14.36109.1
MinimumVisualStudioVersion = 10.0.40219.1
Project("{FAE04EC0-301F-11D3-BF4B-00C04F79EFBC}") = "FacadeLibrary", "FacadeLibrary\FacadeLibrary.csproj", "{9015E560-0831-4AA0-BF6A-F73DF8764CB5}"
EndProject
Project("{FAE04EC0-301F-11D3-BF4B-00C04F79EFBC}") = "UnitTestsFacade", "UnitTestsFacade\UnitTestsFacade.csproj", "{71B864F7-A00E-4158-88DE-2E63A48CCE09}"
EndProject
Project("{FAE04EC0-301F-11D3-BF4B-00C04F79EFBC}") = "ViewWindowsForms", "ViewWindowsForms\ViewWindowsForms.csproj", "{11C89471-2391-4028-B2A7-E35844819F8A}"
EndProject
Global
	GlobalSection(SolutionConfigurationPlatforms) = preSolution
		Debug|Any CPU = Debug|Any CPU
		Release|Any CPU = Release|Any CPU
	EndGlobalSection
	GlobalSection(ProjectConfigurationPlatforms) = postSolution
		{9015E560-0831-4AA0-BF6A-F73DF8764CB5}.Debug|Any CPU.ActiveCfg = Debug|Any CPU
		{9015E560-0831-4AA0-BF6A-F73DF8764CB5}.Debug|Any CPU.Build.0 = Debug|Any CPU
		{9015E560-0831-4AA0-BF6A-F73DF8764CB5}.Release|Any CPU.ActiveCfg = Release|Any CPU
		{9015E560-0831-4AA0-BF6A-F73DF8764CB5}.Release|Any CPU.Build.0 = Release|Any CPU
		{71B864F7-A00E-4158-88DE-2E63A48CCE09}.Debug|Any CPU.ActiveCfg = Debug|Any CPU
		{71B864F7-A00E-4158-88DE-2E63A48CCE09}.Debug|Any CPU.Build.0 = Debug|Any CPU
		{71B864F7-A00E-4158-88DE-2E63A48CCE09}.Release|Any CPU.ActiveCfg = Release|Any CPU
		{71B864F7-A00E-4158-88DE-2E63A48CCE09}.Release|Any CPU.Build.0 = Release|Any CPU
		{11C89471-2391-4028-B2A7-E35844819F8A}.Debug|Any CPU.ActiveCfg = Debug|Any CPU
		{11C89471-2391-4028-B2A7-E35844819F8A}.Debug|Any CPU.Build.0 = Debug|Any CPU
		{11C89471-2391-4028-B2A7-E35844819F8A}.Release|Any CPU.ActiveCfg = Release|Any CPU
		{11C89471-2391-4028-B2A7-E35844819F8A}.Release|Any CPU.Build.0 = Release|Any CPU
	EndGlobalSection
	GlobalSection(SolutionProperties) = preSolution
		HideSolutionNode = FALSE
	EndGlobalSection
	GlobalSection(ExtensibilityGlobals) = postSolution
		SolutionGuid = {DF15B9DA-EE28-4FAF-B44D-1810363BA64C}
	EndGlobalSection
EndGlobal
